// !$*UTF8*$!
{
	archiveVersion = 1;
	classes = {
	};
	objectVersion = 56;
	objects = {

/* Begin PBXBuildFile section */
		0C6D769E2D954128005B58B4 /* MissionView.swift in Sources */ = {isa = PBXBuildFile; fileRef = 0C6D769D2D954128005B58B4 /* MissionView.swift */; };
		0C6D76A02D954926005B58B4 /* AstronautView.swift in Sources */ = {isa = PBXBuildFile; fileRef = 0C6D769F2D954926005B58B4 /* AstronautView.swift */; };
		0CB53D102D959F5F0086DE0F /* AstronautsSliderView.swift in Sources */ = {isa = PBXBuildFile; fileRef = 0CB53D0F2D959F5F0086DE0F /* AstronautsSliderView.swift */; };
		0CB53D122D95A0F50086DE0F /* CustomDivider.swift in Sources */ = {isa = PBXBuildFile; fileRef = 0CB53D112D95A0F50086DE0F /* CustomDivider.swift */; };
		0CB53D182D95A4F50086DE0F /* GridLayout.swift in Sources */ = {isa = PBXBuildFile; fileRef = 0CB53D172D95A4F50086DE0F /* GridLayout.swift */; };
		0CB53D1A2D95A7BB0086DE0F /* ListLayout.swift in Sources */ = {isa = PBXBuildFile; fileRef = 0CB53D192D95A7BB0086DE0F /* ListLayout.swift */; };
		708075EA2A81249800A01B64 /* Color-Theme.swift in Sources */ = {isa = PBXBuildFile; fileRef = 708075E92A81249800A01B64 /* Color-Theme.swift */; };
		70B221D82A80D0AD00B8B071 /* Mission.swift in Sources */ = {isa = PBXBuildFile; fileRef = 70B221D72A80D0AD00B8B071 /* Mission.swift */; };
		70B77D3A2A7CD70E0034D34B /* MoonshotApp.swift in Sources */ = {isa = PBXBuildFile; fileRef = 70B77D392A7CD70E0034D34B /* MoonshotApp.swift */; };
		70B77D3C2A7CD70E0034D34B /* ContentView.swift in Sources */ = {isa = PBXBuildFile; fileRef = 70B77D3B2A7CD70E0034D34B /* ContentView.swift */; };
		70B77D3E2A7CD70F0034D34B /* Assets.xcassets in Resources */ = {isa = PBXBuildFile; fileRef = 70B77D3D2A7CD70F0034D34B /* Assets.xcassets */; };
		70B77D412A7CD70F0034D34B /* Preview Assets.xcassets in Resources */ = {isa = PBXBuildFile; fileRef = 70B77D402A7CD70F0034D34B /* Preview Assets.xcassets */; };
		70B77D492A7CFF9F0034D34B /* astronauts.json in Resources */ = {isa = PBXBuildFile; fileRef = 70B77D472A7CFF9F0034D34B /* astronauts.json */; };
		70B77D4A2A7CFF9F0034D34B /* missions.json in Resources */ = {isa = PBXBuildFile; fileRef = 70B77D482A7CFF9F0034D34B /* missions.json */; };
		70B77D4C2A7D017D0034D34B /* Astronaut.swift in Sources */ = {isa = PBXBuildFile; fileRef = 70B77D4B2A7D017D0034D34B /* Astronaut.swift */; };
		70B77D4E2A7D01CD0034D34B /* Bundle-Decodable.swift in Sources */ = {isa = PBXBuildFile; fileRef = 70B77D4D2A7D01CD0034D34B /* Bundle-Decodable.swift */; };
/* End PBXBuildFile section */

/* Begin PBXFileReference section */
		0C6D769D2D954128005B58B4 /* MissionView.swift */ = {isa = PBXFileReference; lastKnownFileType = sourcecode.swift; path = MissionView.swift; sourceTree = "<group>"; };
		0C6D769F2D954926005B58B4 /* AstronautView.swift */ = {isa = PBXFileReference; lastKnownFileType = sourcecode.swift; path = AstronautView.swift; sourceTree = "<group>"; };
		0CB53D0F2D959F5F0086DE0F /* AstronautsSliderView.swift */ = {isa = PBXFileReference; lastKnownFileType = sourcecode.swift; path = AstronautsSliderView.swift; sourceTree = "<group>"; };
		0CB53D112D95A0F50086DE0F /* CustomDivider.swift */ = {isa = PBXFileReference; lastKnownFileType = sourcecode.swift; path = CustomDivider.swift; sourceTree = "<group>"; };
		0CB53D172D95A4F50086DE0F /* GridLayout.swift */ = {isa = PBXFileReference; lastKnownFileType = sourcecode.swift; path = GridLayout.swift; sourceTree = "<group>"; };
		0CB53D192D95A7BB0086DE0F /* ListLayout.swift */ = {isa = PBXFileReference; lastKnownFileType = sourcecode.swift; path = ListLayout.swift; sourceTree = "<group>"; };
		708075E92A81249800A01B64 /* Color-Theme.swift */ = {isa = PBXFileReference; lastKnownFileType = sourcecode.swift; path = "Color-Theme.swift"; sourceTree = "<group>"; };
		70B221D72A80D0AD00B8B071 /* Mission.swift */ = {isa = PBXFileReference; lastKnownFileType = sourcecode.swift; path = Mission.swift; sourceTree = "<group>"; };
		70B77D362A7CD70E0034D34B /* Moonshot.app */ = {isa = PBXFileReference; explicitFileType = wrapper.application; includeInIndex = 0; path = Moonshot.app; sourceTree = BUILT_PRODUCTS_DIR; };
		70B77D392A7CD70E0034D34B /* MoonshotApp.swift */ = {isa = PBXFileReference; lastKnownFileType = sourcecode.swift; path = MoonshotApp.swift; sourceTree = "<group>"; };
		70B77D3B2A7CD70E0034D34B /* ContentView.swift */ = {isa = PBXFileReference; lastKnownFileType = sourcecode.swift; path = ContentView.swift; sourceTree = "<group>"; };
		70B77D3D2A7CD70F0034D34B /* Assets.xcassets */ = {isa = PBXFileReference; lastKnownFileType = folder.assetcatalog; path = Assets.xcassets; sourceTree = "<group>"; };
		70B77D402A7CD70F0034D34B /* Preview Assets.xcassets */ = {isa = PBXFileReference; lastKnownFileType = folder.assetcatalog; path = "Preview Assets.xcassets"; sourceTree = "<group>"; };
		70B77D472A7CFF9F0034D34B /* astronauts.json */ = {isa = PBXFileReference; fileEncoding = 4; lastKnownFileType = text.json; path = astronauts.json; sourceTree = "<group>"; };
		70B77D482A7CFF9F0034D34B /* missions.json */ = {isa = PBXFileReference; fileEncoding = 4; lastKnownFileType = text.json; path = missions.json; sourceTree = "<group>"; };
		70B77D4B2A7D017D0034D34B /* Astronaut.swift */ = {isa = PBXFileReference; lastKnownFileType = sourcecode.swift; path = Astronaut.swift; sourceTree = "<group>"; };
		70B77D4D2A7D01CD0034D34B /* Bundle-Decodable.swift */ = {isa = PBXFileReference; lastKnownFileType = sourcecode.swift; path = "Bundle-Decodable.swift"; sourceTree = "<group>"; };
/* End PBXFileReference section */

/* Begin PBXFrameworksBuildPhase section */
		70B77D332A7CD70E0034D34B /* Frameworks */ = {
			isa = PBXFrameworksBuildPhase;
			buildActionMask = 2147483647;
			files = (
			);
			runOnlyForDeploymentPostprocessing = 0;
		};
/* End PBXFrameworksBuildPhase section */

/* Begin PBXGroup section */
		0CB53D132D95A1480086DE0F /* Views */ = {
			isa = PBXGroup;
			children = (
				0CB53D0F2D959F5F0086DE0F /* AstronautsSliderView.swift */,
				0C6D769F2D954926005B58B4 /* AstronautView.swift */,
				70B77D3B2A7CD70E0034D34B /* ContentView.swift */,
				0CB53D172D95A4F50086DE0F /* GridLayout.swift */,
				0CB53D192D95A7BB0086DE0F /* ListLayout.swift */,
				0C6D769D2D954128005B58B4 /* MissionView.swift */,
			);
			path = Views;
			sourceTree = "<group>";
		};
		0CB53D142D95A15E0086DE0F /* Helpers */ = {
			isa = PBXGroup;
			children = (
				70B77D4D2A7D01CD0034D34B /* Bundle-Decodable.swift */,
				708075E92A81249800A01B64 /* Color-Theme.swift */,
				0CB53D112D95A0F50086DE0F /* CustomDivider.swift */,
			);
			path = Helpers;
			sourceTree = "<group>";
		};
		0CB53D152D95A16E0086DE0F /* Models */ = {
			isa = PBXGroup;
			children = (
				70B77D4B2A7D017D0034D34B /* Astronaut.swift */,
				70B221D72A80D0AD00B8B071 /* Mission.swift */,
			);
			path = Models;
			sourceTree = "<group>";
		};
		0CB53D162D95A1760086DE0F /* Resources */ = {
			isa = PBXGroup;
			children = (
				70B77D472A7CFF9F0034D34B /* astronauts.json */,
				70B77D482A7CFF9F0034D34B /* missions.json */,
			);
			path = Resources;
			sourceTree = "<group>";
		};
		70B77D2D2A7CD70E0034D34B = {
			isa = PBXGroup;
			children = (
				70B77D382A7CD70E0034D34B /* Moonshot */,
				70B77D372A7CD70E0034D34B /* Products */,
			);
			sourceTree = "<group>";
		};
		70B77D372A7CD70E0034D34B /* Products */ = {
			isa = PBXGroup;
			children = (
				70B77D362A7CD70E0034D34B /* Moonshot.app */,
			);
			name = Products;
			sourceTree = "<group>";
		};
		70B77D382A7CD70E0034D34B /* Moonshot */ = {
			isa = PBXGroup;
			children = (
				70B77D392A7CD70E0034D34B /* MoonshotApp.swift */,
				70B77D3D2A7CD70F0034D34B /* Assets.xcassets */,
				0CB53D142D95A15E0086DE0F /* Helpers */,
				0CB53D152D95A16E0086DE0F /* Models */,
				70B77D3F2A7CD70F0034D34B /* Preview Content */,
				0CB53D162D95A1760086DE0F /* Resources */,
				0CB53D132D95A1480086DE0F /* Views */,
			);
			path = Moonshot;
			sourceTree = "<group>";
		};
		70B77D3F2A7CD70F0034D34B /* Preview Content */ = {
			isa = PBXGroup;
			children = (
				70B77D402A7CD70F0034D34B /* Preview Assets.xcassets */,
			);
			path = "Preview Content";
			sourceTree = "<group>";
		};
/* End PBXGroup section */

/* Begin PBXNativeTarget section */
		70B77D352A7CD70E0034D34B /* Moonshot */ = {
			isa = PBXNativeTarget;
			buildConfigurationList = 70B77D442A7CD70F0034D34B /* Build configuration list for PBXNativeTarget "Moonshot" */;
			buildPhases = (
				70B77D322A7CD70E0034D34B /* Sources */,
				70B77D332A7CD70E0034D34B /* Frameworks */,
				70B77D342A7CD70E0034D34B /* Resources */,
			);
			buildRules = (
			);
			dependencies = (
			);
			name = Moonshot;
			productName = Moonshot;
			productReference = 70B77D362A7CD70E0034D34B /* Moonshot.app */;
			productType = "com.apple.product-type.application";
		};
/* End PBXNativeTarget section */

/* Begin PBXProject section */
		70B77D2E2A7CD70E0034D34B /* Project object */ = {
			isa = PBXProject;
			attributes = {
				BuildIndependentTargetsInParallel = 1;
				LastSwiftUpdateCheck = 1430;
				LastUpgradeCheck = 1620;
				TargetAttributes = {
					70B77D352A7CD70E0034D34B = {
						CreatedOnToolsVersion = 14.3.1;
					};
				};
			};
			buildConfigurationList = 70B77D312A7CD70E0034D34B /* Build configuration list for PBXProject "Moonshot" */;
			compatibilityVersion = "Xcode 14.0";
			developmentRegion = en;
			hasScannedForEncodings = 0;
			knownRegions = (
				en,
				Base,
			);
			mainGroup = 70B77D2D2A7CD70E0034D34B;
			productRefGroup = 70B77D372A7CD70E0034D34B /* Products */;
			projectDirPath = "";
			projectRoot = "";
			targets = (
				70B77D352A7CD70E0034D34B /* Moonshot */,
			);
		};
/* End PBXProject section */

/* Begin PBXResourcesBuildPhase section */
		70B77D342A7CD70E0034D34B /* Resources */ = {
			isa = PBXResourcesBuildPhase;
			buildActionMask = 2147483647;
			files = (
				70B77D492A7CFF9F0034D34B /* astronauts.json in Resources */,
				70B77D412A7CD70F0034D34B /* Preview Assets.xcassets in Resources */,
				70B77D4A2A7CFF9F0034D34B /* missions.json in Resources */,
				70B77D3E2A7CD70F0034D34B /* Assets.xcassets in Resources */,
			);
			runOnlyForDeploymentPostprocessing = 0;
		};
/* End PBXResourcesBuildPhase section */

/* Begin PBXSourcesBuildPhase section */
		70B77D322A7CD70E0034D34B /* Sources */ = {
			isa = PBXSourcesBuildPhase;
			buildActionMask = 2147483647;
			files = (
				0C6D769E2D954128005B58B4 /* MissionView.swift in Sources */,
				70B77D4C2A7D017D0034D34B /* Astronaut.swift in Sources */,
				0C6D76A02D954926005B58B4 /* AstronautView.swift in Sources */,
				0CB53D102D959F5F0086DE0F /* AstronautsSliderView.swift in Sources */,
				0CB53D122D95A0F50086DE0F /* CustomDivider.swift in Sources */,
				708075EA2A81249800A01B64 /* Color-Theme.swift in Sources */,
				70B77D3C2A7CD70E0034D34B /* ContentView.swift in Sources */,
				70B77D3A2A7CD70E0034D34B /* MoonshotApp.swift in Sources */,
				70B221D82A80D0AD00B8B071 /* Mission.swift in Sources */,
				0CB53D1A2D95A7BB0086DE0F /* ListLayout.swift in Sources */,
				70B77D4E2A7D01CD0034D34B /* Bundle-Decodable.swift in Sources */,
				0CB53D182D95A4F50086DE0F /* GridLayout.swift in Sources */,
			);
			runOnlyForDeploymentPostprocessing = 0;
		};
/* End PBXSourcesBuildPhase section */

/* Begin XCBuildConfiguration section */
		70B77D422A7CD70F0034D34B /* Debug */ = {
			isa = XCBuildConfiguration;
			buildSettings = {
				ALWAYS_SEARCH_USER_PATHS = NO;
				CLANG_ANALYZER_NONNULL = YES;
				CLANG_ANALYZER_NUMBER_OBJECT_CONVERSION = YES_AGGRESSIVE;
				CLANG_CXX_LANGUAGE_STANDARD = "gnu++20";
				CLANG_ENABLE_MODULES = YES;
				CLANG_ENABLE_OBJC_ARC = YES;
				CLANG_ENABLE_OBJC_WEAK = YES;
				CLANG_WARN_BLOCK_CAPTURE_AUTORELEASING = YES;
				CLANG_WARN_BOOL_CONVERSION = YES;
				CLANG_WARN_COMMA = YES;
				CLANG_WARN_CONSTANT_CONVERSION = YES;
				CLANG_WARN_DEPRECATED_OBJC_IMPLEMENTATIONS = YES;
				CLANG_WARN_DIRECT_OBJC_ISA_USAGE = YES_ERROR;
				CLANG_WARN_DOCUMENTATION_COMMENTS = YES;
				CLANG_WARN_EMPTY_BODY = YES;
				CLANG_WARN_ENUM_CONVERSION = YES;
				CLANG_WARN_INFINITE_RECURSION = YES;
				CLANG_WARN_INT_CONVERSION = YES;
				CLANG_WARN_NON_LITERAL_NULL_CONVERSION = YES;
				CLANG_WARN_OBJC_IMPLICIT_RETAIN_SELF = YES;
				CLANG_WARN_OBJC_LITERAL_CONVERSION = YES;
				CLANG_WARN_OBJC_ROOT_CLASS = YES_ERROR;
				CLANG_WARN_QUOTED_INCLUDE_IN_FRAMEWORK_HEADER = YES;
				CLANG_WARN_RANGE_LOOP_ANALYSIS = YES;
				CLANG_WARN_STRICT_PROTOTYPES = YES;
				CLANG_WARN_SUSPICIOUS_MOVE = YES;
				CLANG_WARN_UNGUARDED_AVAILABILITY = YES_AGGRESSIVE;
				CLANG_WARN_UNREACHABLE_CODE = YES;
				CLANG_WARN__DUPLICATE_METHOD_MATCH = YES;
				COPY_PHASE_STRIP = NO;
				DEBUG_INFORMATION_FORMAT = dwarf;
				ENABLE_STRICT_OBJC_MSGSEND = YES;
				ENABLE_TESTABILITY = YES;
				ENABLE_USER_SCRIPT_SANDBOXING = YES;
				GCC_C_LANGUAGE_STANDARD = gnu11;
				GCC_DYNAMIC_NO_PIC = NO;
				GCC_NO_COMMON_BLOCKS = YES;
				GCC_OPTIMIZATION_LEVEL = 0;
				GCC_PREPROCESSOR_DEFINITIONS = (
					"DEBUG=1",
					"$(inherited)",
				);
				GCC_WARN_64_TO_32_BIT_CONVERSION = YES;
				GCC_WARN_ABOUT_RETURN_TYPE = YES_ERROR;
				GCC_WARN_UNDECLARED_SELECTOR = YES;
				GCC_WARN_UNINITIALIZED_AUTOS = YES_AGGRESSIVE;
				GCC_WARN_UNUSED_FUNCTION = YES;
				GCC_WARN_UNUSED_VARIABLE = YES;
				IPHONEOS_DEPLOYMENT_TARGET = 16.4;
				MTL_ENABLE_DEBUG_INFO = INCLUDE_SOURCE;
				MTL_FAST_MATH = YES;
				ONLY_ACTIVE_ARCH = YES;
				SDKROOT = iphoneos;
				SWIFT_ACTIVE_COMPILATION_CONDITIONS = DEBUG;
				SWIFT_OPTIMIZATION_LEVEL = "-Onone";
			};
			name = Debug;
		};
		70B77D432A7CD70F0034D34B /* Release */ = {
			isa = XCBuildConfiguration;
			buildSettings = {
				ALWAYS_SEARCH_USER_PATHS = NO;
				CLANG_ANALYZER_NONNULL = YES;
				CLANG_ANALYZER_NUMBER_OBJECT_CONVERSION = YES_AGGRESSIVE;
				CLANG_CXX_LANGUAGE_STANDARD = "gnu++20";
				CLANG_ENABLE_MODULES = YES;
				CLANG_ENABLE_OBJC_ARC = YES;
				CLANG_ENABLE_OBJC_WEAK = YES;
				CLANG_WARN_BLOCK_CAPTURE_AUTORELEASING = YES;
				CLANG_WARN_BOOL_CONVERSION = YES;
				CLANG_WARN_COMMA = YES;
				CLANG_WARN_CONSTANT_CONVERSION = YES;
				CLANG_WARN_DEPRECATED_OBJC_IMPLEMENTATIONS = YES;
				CLANG_WARN_DIRECT_OBJC_ISA_USAGE = YES_ERROR;
				CLANG_WARN_DOCUMENTATION_COMMENTS = YES;
				CLANG_WARN_EMPTY_BODY = YES;
				CLANG_WARN_ENUM_CONVERSION = YES;
				CLANG_WARN_INFINITE_RECURSION = YES;
				CLANG_WARN_INT_CONVERSION = YES;
				CLANG_WARN_NON_LITERAL_NULL_CONVERSION = YES;
				CLANG_WARN_OBJC_IMPLICIT_RETAIN_SELF = YES;
				CLANG_WARN_OBJC_LITERAL_CONVERSION = YES;
				CLANG_WARN_OBJC_ROOT_CLASS = YES_ERROR;
				CLANG_WARN_QUOTED_INCLUDE_IN_FRAMEWORK_HEADER = YES;
				CLANG_WARN_RANGE_LOOP_ANALYSIS = YES;
				CLANG_WARN_STRICT_PROTOTYPES = YES;
				CLANG_WARN_SUSPICIOUS_MOVE = YES;
				CLANG_WARN_UNGUARDED_AVAILABILITY = YES_AGGRESSIVE;
				CLANG_WARN_UNREACHABLE_CODE = YES;
				CLANG_WARN__DUPLICATE_METHOD_MATCH = YES;
				COPY_PHASE_STRIP = NO;
				DEBUG_INFORMATION_FORMAT = "dwarf-with-dsym";
				ENABLE_NS_ASSERTIONS = NO;
				ENABLE_STRICT_OBJC_MSGSEND = YES;
				ENABLE_USER_SCRIPT_SANDBOXING = YES;
				GCC_C_LANGUAGE_STANDARD = gnu11;
				GCC_NO_COMMON_BLOCKS = YES;
				GCC_WARN_64_TO_32_BIT_CONVERSION = YES;
				GCC_WARN_ABOUT_RETURN_TYPE = YES_ERROR;
				GCC_WARN_UNDECLARED_SELECTOR = YES;
				GCC_WARN_UNINITIALIZED_AUTOS = YES_AGGRESSIVE;
				GCC_WARN_UNUSED_FUNCTION = YES;
				GCC_WARN_UNUSED_VARIABLE = YES;
				IPHONEOS_DEPLOYMENT_TARGET = 16.4;
				MTL_ENABLE_DEBUG_INFO = NO;
				MTL_FAST_MATH = YES;
				SDKROOT = iphoneos;
				SWIFT_COMPILATION_MODE = wholemodule;
				SWIFT_OPTIMIZATION_LEVEL = "-O";
				VALIDATE_PRODUCT = YES;
			};
			name = Release;
		};
		70B77D452A7CD70F0034D34B /* Debug */ = {
			isa = XCBuildConfiguration;
			buildSettings = {
				ASSETCATALOG_COMPILER_APPICON_NAME = AppIcon;
				ASSETCATALOG_COMPILER_GLOBAL_ACCENT_COLOR_NAME = AccentColor;
				CODE_SIGN_STYLE = Automatic;
				CURRENT_PROJECT_VERSION = 1;
				DEVELOPMENT_ASSET_PATHS = "\"Moonshot/Preview Content\"";
				DEVELOPMENT_TEAM = 75HJK5L45N;
				ENABLE_PREVIEWS = YES;
				GENERATE_INFOPLIST_FILE = YES;
				INFOPLIST_KEY_UIApplicationSceneManifest_Generation = YES;
				INFOPLIST_KEY_UIApplicationSupportsIndirectInputEvents = YES;
				INFOPLIST_KEY_UILaunchScreen_Generation = YES;
				INFOPLIST_KEY_UISupportedInterfaceOrientations_iPad = "UIInterfaceOrientationPortrait UIInterfaceOrientationPortraitUpsideDown UIInterfaceOrientationLandscapeLeft UIInterfaceOrientationLandscapeRight";
				INFOPLIST_KEY_UISupportedInterfaceOrientations_iPhone = "UIInterfaceOrientationPortrait UIInterfaceOrientationLandscapeLeft UIInterfaceOrientationLandscapeRight";
				IPHONEOS_DEPLOYMENT_TARGET = 17.0;
				LD_RUNPATH_SEARCH_PATHS = (
					"$(inherited)",
					"@executable_path/Frameworks",
				);
				MARKETING_VERSION = 1.0;
				PRODUCT_BUNDLE_IDENTIFIER = me.zykin.max.Moonshot;
				PRODUCT_NAME = "$(TARGET_NAME)";
				SWIFT_EMIT_LOC_STRINGS = YES;
				SWIFT_VERSION = 5.0;
				TARGETED_DEVICE_FAMILY = "1,2";
			};
			name = Debug;
		};
		70B77D462A7CD70F0034D34B /* Release */ = {
			isa = XCBuildConfiguration;
			buildSettings = {
				ASSETCATALOG_COMPILER_APPICON_NAME = AppIcon;
				ASSETCATALOG_COMPILER_GLOBAL_ACCENT_COLOR_NAME = AccentColor;
				CODE_SIGN_STYLE = Automatic;
				CURRENT_PROJECT_VERSION = 1;
				DEVELOPMENT_ASSET_PATHS = "\"Moonshot/Preview Content\"";
				DEVELOPMENT_TEAM = 75HJK5L45N;
				ENABLE_PREVIEWS = YES;
				GENERATE_INFOPLIST_FILE = YES;
				INFOPLIST_KEY_UIApplicationSceneManifest_Generation = YES;
				INFOPLIST_KEY_UIApplicationSupportsIndirectInputEvents = YES;
				INFOPLIST_KEY_UILaunchScreen_Generation = YES;
				INFOPLIST_KEY_UISupportedInterfaceOrientations_iPad = "UIInterfaceOrientationPortrait UIInterfaceOrientationPortraitUpsideDown UIInterfaceOrientationLandscapeLeft UIInterfaceOrientationLandscapeRight";
				INFOPLIST_KEY_UISupportedInterfaceOrientations_iPhone = "UIInterfaceOrientationPortrait UIInterfaceOrientationLandscapeLeft UIInterfaceOrientationLandscapeRight";
				IPHONEOS_DEPLOYMENT_TARGET = 17.0;
				LD_RUNPATH_SEARCH_PATHS = (
					"$(inherited)",
					"@executable_path/Frameworks",
				);
				MARKETING_VERSION = 1.0;
				PRODUCT_BUNDLE_IDENTIFIER = me.zykin.max.Moonshot;
				PRODUCT_NAME = "$(TARGET_NAME)";
				SWIFT_EMIT_LOC_STRINGS = YES;
				SWIFT_VERSION = 5.0;
				TARGETED_DEVICE_FAMILY = "1,2";
			};
			name = Release;
		};
/* End XCBuildConfiguration section */

/* Begin XCConfigurationList section */
		70B77D312A7CD70E0034D34B /* Build configuration list for PBXProject "Moonshot" */ = {
			isa = XCConfigurationList;
			buildConfigurations = (
				70B77D422A7CD70F0034D34B /* Debug */,
				70B77D432A7CD70F0034D34B /* Release */,
			);
			defaultConfigurationIsVisible = 0;
			defaultConfigurationName = Release;
		};
		70B77D442A7CD70F0034D34B /* Build configuration list for PBXNativeTarget "Moonshot" */ = {
			isa = XCConfigurationList;
			buildConfigurations = (
				70B77D452A7CD70F0034D34B /* Debug */,
				70B77D462A7CD70F0034D34B /* Release */,
			);
			defaultConfigurationIsVisible = 0;
			defaultConfigurationName = Release;
		};
/* End XCConfigurationList section */
	};
	rootObject = 70B77D2E2A7CD70E0034D34B /* Project object */;
}
